
Microsoft Visual Studio Solution File, Format Version 12.00
# Visual Studio 15
VisualStudioVersion = 15.0.27130.2010
MinimumVisualStudioVersion = 10.0.40219.1
Project("{FAE04EC0-301F-11D3-BF4B-00C04F79EFBC}") = "STGS.Internet.App", "STGS.Internet.App\STGS.Internet.App.csproj", "{ED02C72F-7DBE-49A2-AD0C-D4C3EF305CA8}"
EndProject
Project("{FAE04EC0-301F-11D3-BF4B-00C04F79EFBC}") = "STGS.Internet.Core", "STGS.Internet.Core\STGS.Internet.Core.csproj", "{F758BD01-7FB4-45FB-90BF-1087281674FE}"
EndProject
Project("{FAE04EC0-301F-11D3-BF4B-00C04F79EFBC}") = "STGS.Internet.Repositories", "STGS.Internet.Repositories\STGS.Internet.Repositories.csproj", "{24726F55-83E8-4E6E-BE37-130C5B548468}"
EndProject
Project("{FAE04EC0-301F-11D3-BF4B-00C04F79EFBC}") = "STGS.Internet.Services", "STGS.Internet.Services\STGS.Internet.Services.csproj", "{0AC79799-C904-4627-8399-278E1B577232}"
EndProject
Project("{FAE04EC0-301F-11D3-BF4B-00C04F79EFBC}") = "STGS.Internet.Tool", "STGS.Internet.Tool\STGS.Internet.Tool.csproj", "{9DE0618C-FFBD-422C-94E5-F55BF56DA3EC}"
EndProject
Global
	GlobalSection(SolutionConfigurationPlatforms) = preSolution
		Debug|Any CPU = Debug|Any CPU
		Release|Any CPU = Release|Any CPU
	EndGlobalSection
	GlobalSection(ProjectConfigurationPlatforms) = postSolution
		{ED02C72F-7DBE-49A2-AD0C-D4C3EF305CA8}.Debug|Any CPU.ActiveCfg = Debug|Any CPU
		{ED02C72F-7DBE-49A2-AD0C-D4C3EF305CA8}.Debug|Any CPU.Build.0 = Debug|Any CPU
		{ED02C72F-7DBE-49A2-AD0C-D4C3EF305CA8}.Release|Any CPU.ActiveCfg = Release|Any CPU
		{ED02C72F-7DBE-49A2-AD0C-D4C3EF305CA8}.Release|Any CPU.Build.0 = Release|Any CPU
		{F758BD01-7FB4-45FB-90BF-1087281674FE}.Debug|Any CPU.ActiveCfg = Debug|Any CPU
		{F758BD01-7FB4-45FB-90BF-1087281674FE}.Debug|Any CPU.Build.0 = Debug|Any CPU
		{F758BD01-7FB4-45FB-90BF-1087281674FE}.Release|Any CPU.ActiveCfg = Release|Any CPU
		{F758BD01-7FB4-45FB-90BF-1087281674FE}.Release|Any CPU.Build.0 = Release|Any CPU
		{24726F55-83E8-4E6E-BE37-130C5B548468}.Debug|Any CPU.ActiveCfg = Debug|Any CPU
		{24726F55-83E8-4E6E-BE37-130C5B548468}.Debug|Any CPU.Build.0 = Debug|Any CPU
		{24726F55-83E8-4E6E-BE37-130C5B548468}.Release|Any CPU.ActiveCfg = Release|Any CPU
		{24726F55-83E8-4E6E-BE37-130C5B548468}.Release|Any CPU.Build.0 = Release|Any CPU
		{0AC79799-C904-4627-8399-278E1B577232}.Debug|Any CPU.ActiveCfg = Debug|Any CPU
		{0AC79799-C904-4627-8399-278E1B577232}.Debug|Any CPU.Build.0 = Debug|Any CPU
		{0AC79799-C904-4627-8399-278E1B577232}.Release|Any CPU.ActiveCfg = Release|Any CPU
		{0AC79799-C904-4627-8399-278E1B577232}.Release|Any CPU.Build.0 = Release|Any CPU
		{9DE0618C-FFBD-422C-94E5-F55BF56DA3EC}.Debug|Any CPU.ActiveCfg = Debug|Any CPU
		{9DE0618C-FFBD-422C-94E5-F55BF56DA3EC}.Debug|Any CPU.Build.0 = Debug|Any CPU
		{9DE0618C-FFBD-422C-94E5-F55BF56DA3EC}.Release|Any CPU.ActiveCfg = Release|Any CPU
		{9DE0618C-FFBD-422C-94E5-F55BF56DA3EC}.Release|Any CPU.Build.0 = Release|Any CPU
	EndGlobalSection
	GlobalSection(SolutionProperties) = preSolution
		HideSolutionNode = FALSE
	EndGlobalSection
	GlobalSection(ExtensibilityGlobals) = postSolution
		SolutionGuid = {804F0FEA-B0F7-4166-BBE6-8C65B54FB338}
	EndGlobalSection
EndGlobal
